
Microsoft Visual Studio Solution File, Format Version 12.00
# Visual Studio 14
VisualStudioVersion = 14.0.25420.1
MinimumVisualStudioVersion = 10.0.40219.1
Project("{FAE04EC0-301F-11D3-BF4B-00C04F79EFBC}") = "WsSuperoProject", "WsSuperoProject\WsSuperoProject.csproj", "{065CA4FD-E2C4-43FE-8D0E-9B139376A617}"
EndProject
Project("{FAE04EC0-301F-11D3-BF4B-00C04F79EFBC}") = "WsSuperoProject.Tests", "WsSuperoProject.Tests\WsSuperoProject.Tests.csproj", "{FA2F89E3-2BB9-4140-8102-E3ABB65F5AF1}"
EndProject
Global
	GlobalSection(SolutionConfigurationPlatforms) = preSolution
		Debug|Any CPU = Debug|Any CPU
		Release|Any CPU = Release|Any CPU
	EndGlobalSection
	GlobalSection(ProjectConfigurationPlatforms) = postSolution
		{065CA4FD-E2C4-43FE-8D0E-9B139376A617}.Debug|Any CPU.ActiveCfg = Debug|Any CPU
		{065CA4FD-E2C4-43FE-8D0E-9B139376A617}.Debug|Any CPU.Build.0 = Debug|Any CPU
		{065CA4FD-E2C4-43FE-8D0E-9B139376A617}.Release|Any CPU.ActiveCfg = Release|Any CPU
		{065CA4FD-E2C4-43FE-8D0E-9B139376A617}.Release|Any CPU.Build.0 = Release|Any CPU
		{FA2F89E3-2BB9-4140-8102-E3ABB65F5AF1}.Debug|Any CPU.ActiveCfg = Debug|Any CPU
		{FA2F89E3-2BB9-4140-8102-E3ABB65F5AF1}.Debug|Any CPU.Build.0 = Debug|Any CPU
		{FA2F89E3-2BB9-4140-8102-E3ABB65F5AF1}.Release|Any CPU.ActiveCfg = Release|Any CPU
		{FA2F89E3-2BB9-4140-8102-E3ABB65F5AF1}.Release|Any CPU.Build.0 = Release|Any CPU
	EndGlobalSection
	GlobalSection(SolutionProperties) = preSolution
		HideSolutionNode = FALSE
	EndGlobalSection
EndGlobal
